# This file is autogenerated, do not edit; changes may be undone by the next 'dep ensure'.


[[projects]]
  branch = "master"
  digest = "1:3971f162d7f7555541b14df70d0a5386c37e9c88524ac7cc606326c689eb4841"
  name = "github.com/hellowearemito/go-messenger-structs"
  packages = ["."]
  pruneopts = "UT"
  revision = "caa64928ec16c101499930a4fa8d401b678ca325"

[[projects]]
  digest = "1:cf31692c14422fa27c83a05292eb5cbe0fb2775972e8f1f8446a71549bd8980b"
  name = "github.com/pkg/errors"
  packages = ["."]
  pruneopts = "UT"
  revision = "ba968bfe8b2f7e042a574c888954fccecfa385b4"
  version = "v0.8.1"

[solve-meta]
  analyzer-name = "dep"
  analyzer-version = 1
  input-imports = [
    "github.com/hellowearemito/go-messenger-structs",
    "github.com/pkg/errors",
  ]
  solver-name = "gps-cdcl"
  solver-version = 1
